
Microsoft Visual Studio Solution File, Format Version 12.00
# Visual Studio Version 17
VisualStudioVersion = 17.8.34309.116
MinimumVisualStudioVersion = 10.0.40219.1
Project("{FAE04EC0-301F-11D3-BF4B-00C04F79EFBC}") = "CSharp10", "CSharp10\CSharp10.csproj", "{0E18DE41-239D-448F-AFAD-805F9991A525}"
EndProject
Global
	GlobalSection(SolutionConfigurationPlatforms) = preSolution
		Debug|Any CPU = Debug|Any CPU
		Release|Any CPU = Release|Any CPU
	EndGlobalSection
	GlobalSection(ProjectConfigurationPlatforms) = postSolution
		{0E18DE41-239D-448F-AFAD-805F9991A525}.Debug|Any CPU.ActiveCfg = Debug|Any CPU
		{0E18DE41-239D-448F-AFAD-805F9991A525}.Debug|Any CPU.Build.0 = Debug|Any CPU
		{0E18DE41-239D-448F-AFAD-805F9991A525}.Release|Any CPU.ActiveCfg = Release|Any CPU
		{0E18DE41-239D-448F-AFAD-805F9991A525}.Release|Any CPU.Build.0 = Release|Any CPU
	EndGlobalSection
	GlobalSection(SolutionProperties) = preSolution
		HideSolutionNode = FALSE
	EndGlobalSection
	GlobalSection(ExtensibilityGlobals) = postSolution
		SolutionGuid = {9969CE86-C3A0-429C-A98A-CFCAE7E78663}
	EndGlobalSection
EndGlobal
